
Microsoft Visual Studio Solution File, Format Version 12.00
# Visual Studio 15
VisualStudioVersion = 15.0.27130.2027
MinimumVisualStudioVersion = 15.0.26124.0
Project("{9A19103F-16F7-4668-BE54-9A1E7A4F7556}") = "Niam.XRM.Framework", "Niam.XRM.Framework\Niam.XRM.Framework.csproj", "{C5010FC3-9D52-40A2-9569-B24DD28A6896}"
EndProject
Project("{2150E333-8FDC-42A3-9474-1A3956D46DE8}") = "Solution Items", "Solution Items", "{3BAE8014-6EB0-401C-BAD1-869428842625}"
	ProjectSection(SolutionItems) = preProject
		DefaultOrganizationCrmSdkTypes.cs = DefaultOrganizationCrmSdkTypes.cs
		LICENSE = LICENSE
		NuGet.config = NuGet.config
		open-source.snk = open-source.snk
		..\README.md = ..\README.md
		TestEntities.cs = TestEntities.cs
	EndProjectSection
EndProject
Project("{9A19103F-16F7-4668-BE54-9A1E7A4F7556}") = "Niam.XRM.Framework.Tests", "Niam.XRM.Framework.Tests\Niam.XRM.Framework.Tests.csproj", "{07123CF8-5090-4175-ABDA-C1EF67B97879}"
EndProject
Project("{2150E333-8FDC-42A3-9474-1A3956D46DE8}") = "Testing", "Testing", "{DC679927-4DC5-4579-927C-48E485AEF1CF}"
	ProjectSection(SolutionItems) = preProject
		Testing\TestingProjectBuildProperties.targets = Testing\TestingProjectBuildProperties.targets
	EndProjectSection
EndProject
Project("{9A19103F-16F7-4668-BE54-9A1E7A4F7556}") = "Niam.XRM.TestFramework.365", "Testing\Niam.XRM.TestFramework.365\Niam.XRM.TestFramework.365.csproj", "{4B1874C9-D1C0-434F-BC17-7575CDA18B19}"
EndProject
Project("{D954291E-2A0B-460D-934E-DC6B0785DB48}") = "Niam.XRM.TestFramework.Shared", "Testing\Niam.XRM.TestFramework.Shared\Niam.XRM.TestFramework.Shared.shproj", "{8705B671-C99C-42A2-83E7-A38B4D4964E1}"
EndProject
Project("{9A19103F-16F7-4668-BE54-9A1E7A4F7556}") = "Niam.XRM.TestFramework.2015", "Testing\Niam.XRM.TestFramework.2015\Niam.XRM.TestFramework.2015.csproj", "{91516DC3-5062-4A14-89AB-C9F4202A7889}"
EndProject
Project("{9A19103F-16F7-4668-BE54-9A1E7A4F7556}") = "Niam.XRM.TestFramework.2016", "Testing\Niam.XRM.TestFramework.2016\Niam.XRM.TestFramework.2016.csproj", "{0149B0BC-1173-4B66-BCB2-8FDB8FD02EAF}"
EndProject
Project("{9A19103F-16F7-4668-BE54-9A1E7A4F7556}") = "Niam.XRM.TestFramework.9", "Testing\Niam.XRM.TestFramework.9\Niam.XRM.TestFramework.9.csproj", "{9B854608-83D9-483A-86D6-DE6F2534B96F}"
EndProject
Project("{D954291E-2A0B-460D-934E-DC6B0785DB48}") = "Niam.XRM.TestFramework.Tests.Shared", "Testing\Niam.XRM.TestFramework.Tests.Shared\Niam.XRM.TestFramework.Tests.Shared.shproj", "{F52E0D0B-035B-41A5-907E-420260A3CD2A}"
EndProject
Project("{9A19103F-16F7-4668-BE54-9A1E7A4F7556}") = "Niam.XRM.TestFramework.2015.Tests", "Testing\Niam.XRM.TestFramework.2015.Tests\Niam.XRM.TestFramework.2015.Tests.csproj", "{E3651308-71A0-4521-AC97-1E8ADBC492B5}"
EndProject
Project("{9A19103F-16F7-4668-BE54-9A1E7A4F7556}") = "Niam.XRM.TestFramework.2016.Tests", "Testing\Niam.XRM.TestFramework.2016.Tests\Niam.XRM.TestFramework.2016.Tests.csproj", "{84F42EBB-BAB3-4241-8EB9-CD8C07410543}"
EndProject
Project("{9A19103F-16F7-4668-BE54-9A1E7A4F7556}") = "Niam.XRM.TestFramework.365.Tests", "Testing\Niam.XRM.TestFramework.365.Tests\Niam.XRM.TestFramework.365.Tests.csproj", "{1D8EC581-74FC-454A-B2E2-4A9A0A3DA7BE}"
EndProject
Project("{9A19103F-16F7-4668-BE54-9A1E7A4F7556}") = "Niam.XRM.TestFramework.9.Tests", "Testing\Niam.XRM.TestFramework.9.Tests\Niam.XRM.TestFramework.9.Tests.csproj", "{EC9D8452-9140-4967-9F10-DF28B9319C84}"
EndProject
Global
	GlobalSection(SharedMSBuildProjectFiles) = preSolution
		Testing\Niam.XRM.TestFramework.Shared\Niam.XRM.TestFramework.Shared.projitems*{8705b671-c99c-42a2-83e7-a38b4d4964e1}*SharedItemsImports = 13
		Testing\Niam.XRM.TestFramework.Tests.Shared\Niam.XRM.TestFramework.Tests.Shared.projitems*{f52e0d0b-035b-41a5-907e-420260a3cd2a}*SharedItemsImports = 13
	EndGlobalSection
	GlobalSection(SolutionConfigurationPlatforms) = preSolution
		Debug|Any CPU = Debug|Any CPU
		Debug|x64 = Debug|x64
		Debug|x86 = Debug|x86
		Release|Any CPU = Release|Any CPU
		Release|x64 = Release|x64
		Release|x86 = Release|x86
	EndGlobalSection
	GlobalSection(ProjectConfigurationPlatforms) = postSolution
		{C5010FC3-9D52-40A2-9569-B24DD28A6896}.Debug|Any CPU.ActiveCfg = Debug|Any CPU
		{C5010FC3-9D52-40A2-9569-B24DD28A6896}.Debug|Any CPU.Build.0 = Debug|Any CPU
		{C5010FC3-9D52-40A2-9569-B24DD28A6896}.Debug|x64.ActiveCfg = Debug|Any CPU
		{C5010FC3-9D52-40A2-9569-B24DD28A6896}.Debug|x64.Build.0 = Debug|Any CPU
		{C5010FC3-9D52-40A2-9569-B24DD28A6896}.Debug|x86.ActiveCfg = Debug|Any CPU
		{C5010FC3-9D52-40A2-9569-B24DD28A6896}.Debug|x86.Build.0 = Debug|Any CPU
		{C5010FC3-9D52-40A2-9569-B24DD28A6896}.Release|Any CPU.ActiveCfg = Release|Any CPU
		{C5010FC3-9D52-40A2-9569-B24DD28A6896}.Release|Any CPU.Build.0 = Release|Any CPU
		{C5010FC3-9D52-40A2-9569-B24DD28A6896}.Release|x64.ActiveCfg = Release|Any CPU
		{C5010FC3-9D52-40A2-9569-B24DD28A6896}.Release|x64.Build.0 = Release|Any CPU
		{C5010FC3-9D52-40A2-9569-B24DD28A6896}.Release|x86.ActiveCfg = Release|Any CPU
		{C5010FC3-9D52-40A2-9569-B24DD28A6896}.Release|x86.Build.0 = Release|Any CPU
		{07123CF8-5090-4175-ABDA-C1EF67B97879}.Debug|Any CPU.ActiveCfg = Debug|Any CPU
		{07123CF8-5090-4175-ABDA-C1EF67B97879}.Debug|Any CPU.Build.0 = Debug|Any CPU
		{07123CF8-5090-4175-ABDA-C1EF67B97879}.Debug|x64.ActiveCfg = Debug|Any CPU
		{07123CF8-5090-4175-ABDA-C1EF67B97879}.Debug|x64.Build.0 = Debug|Any CPU
		{07123CF8-5090-4175-ABDA-C1EF67B97879}.Debug|x86.ActiveCfg = Debug|Any CPU
		{07123CF8-5090-4175-ABDA-C1EF67B97879}.Debug|x86.Build.0 = Debug|Any CPU
		{07123CF8-5090-4175-ABDA-C1EF67B97879}.Release|Any CPU.ActiveCfg = Release|Any CPU
		{07123CF8-5090-4175-ABDA-C1EF67B97879}.Release|Any CPU.Build.0 = Release|Any CPU
		{07123CF8-5090-4175-ABDA-C1EF67B97879}.Release|x64.ActiveCfg = Release|Any CPU
		{07123CF8-5090-4175-ABDA-C1EF67B97879}.Release|x64.Build.0 = Release|Any CPU
		{07123CF8-5090-4175-ABDA-C1EF67B97879}.Release|x86.ActiveCfg = Release|Any CPU
		{07123CF8-5090-4175-ABDA-C1EF67B97879}.Release|x86.Build.0 = Release|Any CPU
		{4B1874C9-D1C0-434F-BC17-7575CDA18B19}.Debug|Any CPU.ActiveCfg = Debug|Any CPU
		{4B1874C9-D1C0-434F-BC17-7575CDA18B19}.Debug|Any CPU.Build.0 = Debug|Any CPU
		{4B1874C9-D1C0-434F-BC17-7575CDA18B19}.Debug|x64.ActiveCfg = Debug|Any CPU
		{4B1874C9-D1C0-434F-BC17-7575CDA18B19}.Debug|x64.Build.0 = Debug|Any CPU
		{4B1874C9-D1C0-434F-BC17-7575CDA18B19}.Debug|x86.ActiveCfg = Debug|Any CPU
		{4B1874C9-D1C0-434F-BC17-7575CDA18B19}.Debug|x86.Build.0 = Debug|Any CPU
		{4B1874C9-D1C0-434F-BC17-7575CDA18B19}.Release|Any CPU.ActiveCfg = Release|Any CPU
		{4B1874C9-D1C0-434F-BC17-7575CDA18B19}.Release|Any CPU.Build.0 = Release|Any CPU
		{4B1874C9-D1C0-434F-BC17-7575CDA18B19}.Release|x64.ActiveCfg = Release|Any CPU
		{4B1874C9-D1C0-434F-BC17-7575CDA18B19}.Release|x64.Build.0 = Release|Any CPU
		{4B1874C9-D1C0-434F-BC17-7575CDA18B19}.Release|x86.ActiveCfg = Release|Any CPU
		{4B1874C9-D1C0-434F-BC17-7575CDA18B19}.Release|x86.Build.0 = Release|Any CPU
		{91516DC3-5062-4A14-89AB-C9F4202A7889}.Debug|Any CPU.ActiveCfg = Debug|Any CPU
		{91516DC3-5062-4A14-89AB-C9F4202A7889}.Debug|Any CPU.Build.0 = Debug|Any CPU
		{91516DC3-5062-4A14-89AB-C9F4202A7889}.Debug|x64.ActiveCfg = Debug|Any CPU
		{91516DC3-5062-4A14-89AB-C9F4202A7889}.Debug|x64.Build.0 = Debug|Any CPU
		{91516DC3-5062-4A14-89AB-C9F4202A7889}.Debug|x86.ActiveCfg = Debug|Any CPU
		{91516DC3-5062-4A14-89AB-C9F4202A7889}.Debug|x86.Build.0 = Debug|Any CPU
		{91516DC3-5062-4A14-89AB-C9F4202A7889}.Release|Any CPU.ActiveCfg = Release|Any CPU
		{91516DC3-5062-4A14-89AB-C9F4202A7889}.Release|Any CPU.Build.0 = Release|Any CPU
		{91516DC3-5062-4A14-89AB-C9F4202A7889}.Release|x64.ActiveCfg = Release|Any CPU
		{91516DC3-5062-4A14-89AB-C9F4202A7889}.Release|x64.Build.0 = Release|Any CPU
		{91516DC3-5062-4A14-89AB-C9F4202A7889}.Release|x86.ActiveCfg = Release|Any CPU
		{91516DC3-5062-4A14-89AB-C9F4202A7889}.Release|x86.Build.0 = Release|Any CPU
		{0149B0BC-1173-4B66-BCB2-8FDB8FD02EAF}.Debug|Any CPU.ActiveCfg = Debug|Any CPU
		{0149B0BC-1173-4B66-BCB2-8FDB8FD02EAF}.Debug|Any CPU.Build.0 = Debug|Any CPU
		{0149B0BC-1173-4B66-BCB2-8FDB8FD02EAF}.Debug|x64.ActiveCfg = Debug|Any CPU
		{0149B0BC-1173-4B66-BCB2-8FDB8FD02EAF}.Debug|x64.Build.0 = Debug|Any CPU
		{0149B0BC-1173-4B66-BCB2-8FDB8FD02EAF}.Debug|x86.ActiveCfg = Debug|Any CPU
		{0149B0BC-1173-4B66-BCB2-8FDB8FD02EAF}.Debug|x86.Build.0 = Debug|Any CPU
		{0149B0BC-1173-4B66-BCB2-8FDB8FD02EAF}.Release|Any CPU.ActiveCfg = Release|Any CPU
		{0149B0BC-1173-4B66-BCB2-8FDB8FD02EAF}.Release|Any CPU.Build.0 = Release|Any CPU
		{0149B0BC-1173-4B66-BCB2-8FDB8FD02EAF}.Release|x64.ActiveCfg = Release|Any CPU
		{0149B0BC-1173-4B66-BCB2-8FDB8FD02EAF}.Release|x64.Build.0 = Release|Any CPU
		{0149B0BC-1173-4B66-BCB2-8FDB8FD02EAF}.Release|x86.ActiveCfg = Release|Any CPU
		{0149B0BC-1173-4B66-BCB2-8FDB8FD02EAF}.Release|x86.Build.0 = Release|Any CPU
		{9B854608-83D9-483A-86D6-DE6F2534B96F}.Debug|Any CPU.ActiveCfg = Debug|Any CPU
		{9B854608-83D9-483A-86D6-DE6F2534B96F}.Debug|Any CPU.Build.0 = Debug|Any CPU
		{9B854608-83D9-483A-86D6-DE6F2534B96F}.Debug|x64.ActiveCfg = Debug|Any CPU
		{9B854608-83D9-483A-86D6-DE6F2534B96F}.Debug|x64.Build.0 = Debug|Any CPU
		{9B854608-83D9-483A-86D6-DE6F2534B96F}.Debug|x86.ActiveCfg = Debug|Any CPU
		{9B854608-83D9-483A-86D6-DE6F2534B96F}.Debug|x86.Build.0 = Debug|Any CPU
		{9B854608-83D9-483A-86D6-DE6F2534B96F}.Release|Any CPU.ActiveCfg = Release|Any CPU
		{9B854608-83D9-483A-86D6-DE6F2534B96F}.Release|Any CPU.Build.0 = Release|Any CPU
		{9B854608-83D9-483A-86D6-DE6F2534B96F}.Release|x64.ActiveCfg = Release|Any CPU
		{9B854608-83D9-483A-86D6-DE6F2534B96F}.Release|x64.Build.0 = Release|Any CPU
		{9B854608-83D9-483A-86D6-DE6F2534B96F}.Release|x86.ActiveCfg = Release|Any CPU
		{9B854608-83D9-483A-86D6-DE6F2534B96F}.Release|x86.Build.0 = Release|Any CPU
		{E3651308-71A0-4521-AC97-1E8ADBC492B5}.Debug|Any CPU.ActiveCfg = Debug|Any CPU
		{E3651308-71A0-4521-AC97-1E8ADBC492B5}.Debug|Any CPU.Build.0 = Debug|Any CPU
		{E3651308-71A0-4521-AC97-1E8ADBC492B5}.Debug|x64.ActiveCfg = Debug|Any CPU
		{E3651308-71A0-4521-AC97-1E8ADBC492B5}.Debug|x64.Build.0 = Debug|Any CPU
		{E3651308-71A0-4521-AC97-1E8ADBC492B5}.Debug|x86.ActiveCfg = Debug|Any CPU
		{E3651308-71A0-4521-AC97-1E8ADBC492B5}.Debug|x86.Build.0 = Debug|Any CPU
		{E3651308-71A0-4521-AC97-1E8ADBC492B5}.Release|Any CPU.ActiveCfg = Release|Any CPU
		{E3651308-71A0-4521-AC97-1E8ADBC492B5}.Release|Any CPU.Build.0 = Release|Any CPU
		{E3651308-71A0-4521-AC97-1E8ADBC492B5}.Release|x64.ActiveCfg = Release|Any CPU
		{E3651308-71A0-4521-AC97-1E8ADBC492B5}.Release|x64.Build.0 = Release|Any CPU
		{E3651308-71A0-4521-AC97-1E8ADBC492B5}.Release|x86.ActiveCfg = Release|Any CPU
		{E3651308-71A0-4521-AC97-1E8ADBC492B5}.Release|x86.Build.0 = Release|Any CPU
		{84F42EBB-BAB3-4241-8EB9-CD8C07410543}.Debug|Any CPU.ActiveCfg = Debug|Any CPU
		{84F42EBB-BAB3-4241-8EB9-CD8C07410543}.Debug|Any CPU.Build.0 = Debug|Any CPU
		{84F42EBB-BAB3-4241-8EB9-CD8C07410543}.Debug|x64.ActiveCfg = Debug|Any CPU
		{84F42EBB-BAB3-4241-8EB9-CD8C07410543}.Debug|x64.Build.0 = Debug|Any CPU
		{84F42EBB-BAB3-4241-8EB9-CD8C07410543}.Debug|x86.ActiveCfg = Debug|Any CPU
		{84F42EBB-BAB3-4241-8EB9-CD8C07410543}.Debug|x86.Build.0 = Debug|Any CPU
		{84F42EBB-BAB3-4241-8EB9-CD8C07410543}.Release|Any CPU.ActiveCfg = Release|Any CPU
		{84F42EBB-BAB3-4241-8EB9-CD8C07410543}.Release|Any CPU.Build.0 = Release|Any CPU
		{84F42EBB-BAB3-4241-8EB9-CD8C07410543}.Release|x64.ActiveCfg = Release|Any CPU
		{84F42EBB-BAB3-4241-8EB9-CD8C07410543}.Release|x64.Build.0 = Release|Any CPU
		{84F42EBB-BAB3-4241-8EB9-CD8C07410543}.Release|x86.ActiveCfg = Release|Any CPU
		{84F42EBB-BAB3-4241-8EB9-CD8C07410543}.Release|x86.Build.0 = Release|Any CPU
		{1D8EC581-74FC-454A-B2E2-4A9A0A3DA7BE}.Debug|Any CPU.ActiveCfg = Debug|Any CPU
		{1D8EC581-74FC-454A-B2E2-4A9A0A3DA7BE}.Debug|Any CPU.Build.0 = Debug|Any CPU
		{1D8EC581-74FC-454A-B2E2-4A9A0A3DA7BE}.Debug|x64.ActiveCfg = Debug|Any CPU
		{1D8EC581-74FC-454A-B2E2-4A9A0A3DA7BE}.Debug|x64.Build.0 = Debug|Any CPU
		{1D8EC581-74FC-454A-B2E2-4A9A0A3DA7BE}.Debug|x86.ActiveCfg = Debug|Any CPU
		{1D8EC581-74FC-454A-B2E2-4A9A0A3DA7BE}.Debug|x86.Build.0 = Debug|Any CPU
		{1D8EC581-74FC-454A-B2E2-4A9A0A3DA7BE}.Release|Any CPU.ActiveCfg = Release|Any CPU
		{1D8EC581-74FC-454A-B2E2-4A9A0A3DA7BE}.Release|Any CPU.Build.0 = Release|Any CPU
		{1D8EC581-74FC-454A-B2E2-4A9A0A3DA7BE}.Release|x64.ActiveCfg = Release|Any CPU
		{1D8EC581-74FC-454A-B2E2-4A9A0A3DA7BE}.Release|x64.Build.0 = Release|Any CPU
		{1D8EC581-74FC-454A-B2E2-4A9A0A3DA7BE}.Release|x86.ActiveCfg = Release|Any CPU
		{1D8EC581-74FC-454A-B2E2-4A9A0A3DA7BE}.Release|x86.Build.0 = Release|Any CPU
		{EC9D8452-9140-4967-9F10-DF28B9319C84}.Debug|Any CPU.ActiveCfg = Debug|Any CPU
		{EC9D8452-9140-4967-9F10-DF28B9319C84}.Debug|Any CPU.Build.0 = Debug|Any CPU
		{EC9D8452-9140-4967-9F10-DF28B9319C84}.Debug|x64.ActiveCfg = Debug|Any CPU
		{EC9D8452-9140-4967-9F10-DF28B9319C84}.Debug|x64.Build.0 = Debug|Any CPU
		{EC9D8452-9140-4967-9F10-DF28B9319C84}.Debug|x86.ActiveCfg = Debug|Any CPU
		{EC9D8452-9140-4967-9F10-DF28B9319C84}.Debug|x86.Build.0 = Debug|Any CPU
		{EC9D8452-9140-4967-9F10-DF28B9319C84}.Release|Any CPU.ActiveCfg = Release|Any CPU
		{EC9D8452-9140-4967-9F10-DF28B9319C84}.Release|Any CPU.Build.0 = Release|Any CPU
		{EC9D8452-9140-4967-9F10-DF28B9319C84}.Release|x64.ActiveCfg = Release|Any CPU
		{EC9D8452-9140-4967-9F10-DF28B9319C84}.Release|x64.Build.0 = Release|Any CPU
		{EC9D8452-9140-4967-9F10-DF28B9319C84}.Release|x86.ActiveCfg = Release|Any CPU
		{EC9D8452-9140-4967-9F10-DF28B9319C84}.Release|x86.Build.0 = Release|Any CPU
	EndGlobalSection
	GlobalSection(SolutionProperties) = preSolution
		HideSolutionNode = FALSE
	EndGlobalSection
	GlobalSection(NestedProjects) = preSolution
		{4B1874C9-D1C0-434F-BC17-7575CDA18B19} = {DC679927-4DC5-4579-927C-48E485AEF1CF}
		{8705B671-C99C-42A2-83E7-A38B4D4964E1} = {DC679927-4DC5-4579-927C-48E485AEF1CF}
		{91516DC3-5062-4A14-89AB-C9F4202A7889} = {DC679927-4DC5-4579-927C-48E485AEF1CF}
		{0149B0BC-1173-4B66-BCB2-8FDB8FD02EAF} = {DC679927-4DC5-4579-927C-48E485AEF1CF}
		{9B854608-83D9-483A-86D6-DE6F2534B96F} = {DC679927-4DC5-4579-927C-48E485AEF1CF}
		{F52E0D0B-035B-41A5-907E-420260A3CD2A} = {DC679927-4DC5-4579-927C-48E485AEF1CF}
		{E3651308-71A0-4521-AC97-1E8ADBC492B5} = {DC679927-4DC5-4579-927C-48E485AEF1CF}
		{84F42EBB-BAB3-4241-8EB9-CD8C07410543} = {DC679927-4DC5-4579-927C-48E485AEF1CF}
		{1D8EC581-74FC-454A-B2E2-4A9A0A3DA7BE} = {DC679927-4DC5-4579-927C-48E485AEF1CF}
		{EC9D8452-9140-4967-9F10-DF28B9319C84} = {DC679927-4DC5-4579-927C-48E485AEF1CF}
	EndGlobalSection
	GlobalSection(ExtensibilityGlobals) = postSolution
		SolutionGuid = {2A08B43D-6089-475B-AA6E-FE4F0A2D844F}
	EndGlobalSection
EndGlobal
