
Microsoft Visual Studio Solution File, Format Version 12.00
# Visual Studio 15
VisualStudioVersion = 15.0.27130.2027
MinimumVisualStudioVersion = 15.0.26124.0
Project("{9A19103F-16F7-4668-BE54-9A1E7A4F7556}") = "Niam.XRM.Framework", "Niam.XRM.Framework\Niam.XRM.Framework.csproj", "{C5010FC3-9D52-40A2-9569-B24DD28A6896}"
EndProject
Project("{2150E333-8FDC-42A3-9474-1A3956D46DE8}") = "Solution Items", "Solution Items", "{3BAE8014-6EB0-401C-BAD1-869428842625}"
	ProjectSection(SolutionItems) = preProject
		DefaultOrganizationCrmSdkTypes.cs = DefaultOrganizationCrmSdkTypes.cs
		LICENSE = LICENSE
		NuGet.config = NuGet.config
		open-source.snk = open-source.snk
		ProjectBuildProperties.targets = ProjectBuildProperties.targets
		README.md = README.md
		TestEntities.cs = TestEntities.cs
	EndProjectSection
EndProject
Project("{9A19103F-16F7-4668-BE54-9A1E7A4F7556}") = "Niam.XRM.Framework.Tests", "Niam.XRM.Framework.Tests\Niam.XRM.Framework.Tests.csproj", "{07123CF8-5090-4175-ABDA-C1EF67B97879}"
EndProject
Project("{2150E333-8FDC-42A3-9474-1A3956D46DE8}") = "Testing", "Testing", "{DC679927-4DC5-4579-927C-48E485AEF1CF}"
	ProjectSection(SolutionItems) = preProject
		Testing\TestingProjectBuildProperties.targets = Testing\TestingProjectBuildProperties.targets
	EndProjectSection
EndProject
Project("{9A19103F-16F7-4668-BE54-9A1E7A4F7556}") = "Niam.XRM.TestFramework.2015", "Testing\Niam.XRM.TestFramework\Niam.XRM.TestFramework.2015.csproj", "{E82228C1-AFF9-4DD1-982F-31E5548BFD96}"
EndProject
Project("{9A19103F-16F7-4668-BE54-9A1E7A4F7556}") = "Niam.XRM.TestFramework.2015.Tests", "Testing\Niam.XRM.TestFramework.Tests\Niam.XRM.TestFramework.2015.Tests.csproj", "{51DF6604-D0D5-4702-81C6-D9F5292E04F1}"
EndProject
Project("{9A19103F-16F7-4668-BE54-9A1E7A4F7556}") = "Niam.XRM.TestFramework.2016", "Testing\Niam.XRM.TestFramework\Niam.XRM.TestFramework.2016.csproj", "{A9D6E779-EBDC-4C65-B2CD-1144FAE1480F}"
EndProject
Project("{9A19103F-16F7-4668-BE54-9A1E7A4F7556}") = "Niam.XRM.TestFramework.365", "Testing\Niam.XRM.TestFramework\Niam.XRM.TestFramework.365.csproj", "{CB8EA7D5-D7BE-4560-A27F-608E19FFA0E0}"
EndProject
Project("{9A19103F-16F7-4668-BE54-9A1E7A4F7556}") = "Niam.XRM.TestFramework.9", "Testing\Niam.XRM.TestFramework\Niam.XRM.TestFramework.9.csproj", "{0726ECC2-1F83-41B1-98A7-D7124CB076BB}"
EndProject
Project("{9A19103F-16F7-4668-BE54-9A1E7A4F7556}") = "Niam.XRM.TestFramework.2016.Tests", "Testing\Niam.XRM.TestFramework.Tests\Niam.XRM.TestFramework.2016.Tests.csproj", "{88FBF8FE-1A7D-42CC-A8E3-7C636A00C4A0}"
EndProject
Project("{9A19103F-16F7-4668-BE54-9A1E7A4F7556}") = "Niam.XRM.TestFramework.365.Tests", "Testing\Niam.XRM.TestFramework.Tests\Niam.XRM.TestFramework.365.Tests.csproj", "{091CC079-D420-4CA7-AD79-2C45B3C53AD9}"
EndProject
Project("{9A19103F-16F7-4668-BE54-9A1E7A4F7556}") = "Niam.XRM.TestFramework.9.Tests", "Testing\Niam.XRM.TestFramework.Tests\Niam.XRM.TestFramework.9.Tests.csproj", "{D92B9D24-2A1F-44F3-924C-9013C1D546E4}"
EndProject
Global
	GlobalSection(SolutionConfigurationPlatforms) = preSolution
		Debug|Any CPU = Debug|Any CPU
		Debug|x64 = Debug|x64
		Debug|x86 = Debug|x86
		Release|Any CPU = Release|Any CPU
		Release|x64 = Release|x64
		Release|x86 = Release|x86
	EndGlobalSection
	GlobalSection(ProjectConfigurationPlatforms) = postSolution
		{C5010FC3-9D52-40A2-9569-B24DD28A6896}.Debug|Any CPU.ActiveCfg = Debug|Any CPU
		{C5010FC3-9D52-40A2-9569-B24DD28A6896}.Debug|Any CPU.Build.0 = Debug|Any CPU
		{C5010FC3-9D52-40A2-9569-B24DD28A6896}.Debug|x64.ActiveCfg = Debug|Any CPU
		{C5010FC3-9D52-40A2-9569-B24DD28A6896}.Debug|x64.Build.0 = Debug|Any CPU
		{C5010FC3-9D52-40A2-9569-B24DD28A6896}.Debug|x86.ActiveCfg = Debug|Any CPU
		{C5010FC3-9D52-40A2-9569-B24DD28A6896}.Debug|x86.Build.0 = Debug|Any CPU
		{C5010FC3-9D52-40A2-9569-B24DD28A6896}.Release|Any CPU.ActiveCfg = Release|Any CPU
		{C5010FC3-9D52-40A2-9569-B24DD28A6896}.Release|Any CPU.Build.0 = Release|Any CPU
		{C5010FC3-9D52-40A2-9569-B24DD28A6896}.Release|x64.ActiveCfg = Release|Any CPU
		{C5010FC3-9D52-40A2-9569-B24DD28A6896}.Release|x64.Build.0 = Release|Any CPU
		{C5010FC3-9D52-40A2-9569-B24DD28A6896}.Release|x86.ActiveCfg = Release|Any CPU
		{C5010FC3-9D52-40A2-9569-B24DD28A6896}.Release|x86.Build.0 = Release|Any CPU
		{07123CF8-5090-4175-ABDA-C1EF67B97879}.Debug|Any CPU.ActiveCfg = Debug|Any CPU
		{07123CF8-5090-4175-ABDA-C1EF67B97879}.Debug|Any CPU.Build.0 = Debug|Any CPU
		{07123CF8-5090-4175-ABDA-C1EF67B97879}.Debug|x64.ActiveCfg = Debug|Any CPU
		{07123CF8-5090-4175-ABDA-C1EF67B97879}.Debug|x64.Build.0 = Debug|Any CPU
		{07123CF8-5090-4175-ABDA-C1EF67B97879}.Debug|x86.ActiveCfg = Debug|Any CPU
		{07123CF8-5090-4175-ABDA-C1EF67B97879}.Debug|x86.Build.0 = Debug|Any CPU
		{07123CF8-5090-4175-ABDA-C1EF67B97879}.Release|Any CPU.ActiveCfg = Release|Any CPU
		{07123CF8-5090-4175-ABDA-C1EF67B97879}.Release|Any CPU.Build.0 = Release|Any CPU
		{07123CF8-5090-4175-ABDA-C1EF67B97879}.Release|x64.ActiveCfg = Release|Any CPU
		{07123CF8-5090-4175-ABDA-C1EF67B97879}.Release|x64.Build.0 = Release|Any CPU
		{07123CF8-5090-4175-ABDA-C1EF67B97879}.Release|x86.ActiveCfg = Release|Any CPU
		{07123CF8-5090-4175-ABDA-C1EF67B97879}.Release|x86.Build.0 = Release|Any CPU
		{E82228C1-AFF9-4DD1-982F-31E5548BFD96}.Debug|Any CPU.ActiveCfg = Debug|Any CPU
		{E82228C1-AFF9-4DD1-982F-31E5548BFD96}.Debug|Any CPU.Build.0 = Debug|Any CPU
		{E82228C1-AFF9-4DD1-982F-31E5548BFD96}.Debug|x64.ActiveCfg = Debug|Any CPU
		{E82228C1-AFF9-4DD1-982F-31E5548BFD96}.Debug|x64.Build.0 = Debug|Any CPU
		{E82228C1-AFF9-4DD1-982F-31E5548BFD96}.Debug|x86.ActiveCfg = Debug|Any CPU
		{E82228C1-AFF9-4DD1-982F-31E5548BFD96}.Debug|x86.Build.0 = Debug|Any CPU
		{E82228C1-AFF9-4DD1-982F-31E5548BFD96}.Release|Any CPU.ActiveCfg = Release|Any CPU
		{E82228C1-AFF9-4DD1-982F-31E5548BFD96}.Release|Any CPU.Build.0 = Release|Any CPU
		{E82228C1-AFF9-4DD1-982F-31E5548BFD96}.Release|x64.ActiveCfg = Release|Any CPU
		{E82228C1-AFF9-4DD1-982F-31E5548BFD96}.Release|x64.Build.0 = Release|Any CPU
		{E82228C1-AFF9-4DD1-982F-31E5548BFD96}.Release|x86.ActiveCfg = Release|Any CPU
		{E82228C1-AFF9-4DD1-982F-31E5548BFD96}.Release|x86.Build.0 = Release|Any CPU
		{51DF6604-D0D5-4702-81C6-D9F5292E04F1}.Debug|Any CPU.ActiveCfg = Debug|Any CPU
		{51DF6604-D0D5-4702-81C6-D9F5292E04F1}.Debug|Any CPU.Build.0 = Debug|Any CPU
		{51DF6604-D0D5-4702-81C6-D9F5292E04F1}.Debug|x64.ActiveCfg = Debug|Any CPU
		{51DF6604-D0D5-4702-81C6-D9F5292E04F1}.Debug|x64.Build.0 = Debug|Any CPU
		{51DF6604-D0D5-4702-81C6-D9F5292E04F1}.Debug|x86.ActiveCfg = Debug|Any CPU
		{51DF6604-D0D5-4702-81C6-D9F5292E04F1}.Debug|x86.Build.0 = Debug|Any CPU
		{51DF6604-D0D5-4702-81C6-D9F5292E04F1}.Release|Any CPU.ActiveCfg = Release|Any CPU
		{51DF6604-D0D5-4702-81C6-D9F5292E04F1}.Release|Any CPU.Build.0 = Release|Any CPU
		{51DF6604-D0D5-4702-81C6-D9F5292E04F1}.Release|x64.ActiveCfg = Release|Any CPU
		{51DF6604-D0D5-4702-81C6-D9F5292E04F1}.Release|x64.Build.0 = Release|Any CPU
		{51DF6604-D0D5-4702-81C6-D9F5292E04F1}.Release|x86.ActiveCfg = Release|Any CPU
		{51DF6604-D0D5-4702-81C6-D9F5292E04F1}.Release|x86.Build.0 = Release|Any CPU
		{A9D6E779-EBDC-4C65-B2CD-1144FAE1480F}.Debug|Any CPU.ActiveCfg = Debug|Any CPU
		{A9D6E779-EBDC-4C65-B2CD-1144FAE1480F}.Debug|Any CPU.Build.0 = Debug|Any CPU
		{A9D6E779-EBDC-4C65-B2CD-1144FAE1480F}.Debug|x64.ActiveCfg = Debug|Any CPU
		{A9D6E779-EBDC-4C65-B2CD-1144FAE1480F}.Debug|x64.Build.0 = Debug|Any CPU
		{A9D6E779-EBDC-4C65-B2CD-1144FAE1480F}.Debug|x86.ActiveCfg = Debug|Any CPU
		{A9D6E779-EBDC-4C65-B2CD-1144FAE1480F}.Debug|x86.Build.0 = Debug|Any CPU
		{A9D6E779-EBDC-4C65-B2CD-1144FAE1480F}.Release|Any CPU.ActiveCfg = Release|Any CPU
		{A9D6E779-EBDC-4C65-B2CD-1144FAE1480F}.Release|Any CPU.Build.0 = Release|Any CPU
		{A9D6E779-EBDC-4C65-B2CD-1144FAE1480F}.Release|x64.ActiveCfg = Release|Any CPU
		{A9D6E779-EBDC-4C65-B2CD-1144FAE1480F}.Release|x64.Build.0 = Release|Any CPU
		{A9D6E779-EBDC-4C65-B2CD-1144FAE1480F}.Release|x86.ActiveCfg = Release|Any CPU
		{A9D6E779-EBDC-4C65-B2CD-1144FAE1480F}.Release|x86.Build.0 = Release|Any CPU
		{CB8EA7D5-D7BE-4560-A27F-608E19FFA0E0}.Debug|Any CPU.ActiveCfg = Debug|Any CPU
		{CB8EA7D5-D7BE-4560-A27F-608E19FFA0E0}.Debug|Any CPU.Build.0 = Debug|Any CPU
		{CB8EA7D5-D7BE-4560-A27F-608E19FFA0E0}.Debug|x64.ActiveCfg = Debug|Any CPU
		{CB8EA7D5-D7BE-4560-A27F-608E19FFA0E0}.Debug|x64.Build.0 = Debug|Any CPU
		{CB8EA7D5-D7BE-4560-A27F-608E19FFA0E0}.Debug|x86.ActiveCfg = Debug|Any CPU
		{CB8EA7D5-D7BE-4560-A27F-608E19FFA0E0}.Debug|x86.Build.0 = Debug|Any CPU
		{CB8EA7D5-D7BE-4560-A27F-608E19FFA0E0}.Release|Any CPU.ActiveCfg = Release|Any CPU
		{CB8EA7D5-D7BE-4560-A27F-608E19FFA0E0}.Release|Any CPU.Build.0 = Release|Any CPU
		{CB8EA7D5-D7BE-4560-A27F-608E19FFA0E0}.Release|x64.ActiveCfg = Release|Any CPU
		{CB8EA7D5-D7BE-4560-A27F-608E19FFA0E0}.Release|x64.Build.0 = Release|Any CPU
		{CB8EA7D5-D7BE-4560-A27F-608E19FFA0E0}.Release|x86.ActiveCfg = Release|Any CPU
		{CB8EA7D5-D7BE-4560-A27F-608E19FFA0E0}.Release|x86.Build.0 = Release|Any CPU
		{0726ECC2-1F83-41B1-98A7-D7124CB076BB}.Debug|Any CPU.ActiveCfg = Debug|Any CPU
		{0726ECC2-1F83-41B1-98A7-D7124CB076BB}.Debug|Any CPU.Build.0 = Debug|Any CPU
		{0726ECC2-1F83-41B1-98A7-D7124CB076BB}.Debug|x64.ActiveCfg = Debug|Any CPU
		{0726ECC2-1F83-41B1-98A7-D7124CB076BB}.Debug|x64.Build.0 = Debug|Any CPU
		{0726ECC2-1F83-41B1-98A7-D7124CB076BB}.Debug|x86.ActiveCfg = Debug|Any CPU
		{0726ECC2-1F83-41B1-98A7-D7124CB076BB}.Debug|x86.Build.0 = Debug|Any CPU
		{0726ECC2-1F83-41B1-98A7-D7124CB076BB}.Release|Any CPU.ActiveCfg = Release|Any CPU
		{0726ECC2-1F83-41B1-98A7-D7124CB076BB}.Release|Any CPU.Build.0 = Release|Any CPU
		{0726ECC2-1F83-41B1-98A7-D7124CB076BB}.Release|x64.ActiveCfg = Release|Any CPU
		{0726ECC2-1F83-41B1-98A7-D7124CB076BB}.Release|x64.Build.0 = Release|Any CPU
		{0726ECC2-1F83-41B1-98A7-D7124CB076BB}.Release|x86.ActiveCfg = Release|Any CPU
		{0726ECC2-1F83-41B1-98A7-D7124CB076BB}.Release|x86.Build.0 = Release|Any CPU
		{88FBF8FE-1A7D-42CC-A8E3-7C636A00C4A0}.Debug|Any CPU.ActiveCfg = Debug|Any CPU
		{88FBF8FE-1A7D-42CC-A8E3-7C636A00C4A0}.Debug|Any CPU.Build.0 = Debug|Any CPU
		{88FBF8FE-1A7D-42CC-A8E3-7C636A00C4A0}.Debug|x64.ActiveCfg = Debug|Any CPU
		{88FBF8FE-1A7D-42CC-A8E3-7C636A00C4A0}.Debug|x64.Build.0 = Debug|Any CPU
		{88FBF8FE-1A7D-42CC-A8E3-7C636A00C4A0}.Debug|x86.ActiveCfg = Debug|Any CPU
		{88FBF8FE-1A7D-42CC-A8E3-7C636A00C4A0}.Debug|x86.Build.0 = Debug|Any CPU
		{88FBF8FE-1A7D-42CC-A8E3-7C636A00C4A0}.Release|Any CPU.ActiveCfg = Release|Any CPU
		{88FBF8FE-1A7D-42CC-A8E3-7C636A00C4A0}.Release|Any CPU.Build.0 = Release|Any CPU
		{88FBF8FE-1A7D-42CC-A8E3-7C636A00C4A0}.Release|x64.ActiveCfg = Release|Any CPU
		{88FBF8FE-1A7D-42CC-A8E3-7C636A00C4A0}.Release|x64.Build.0 = Release|Any CPU
		{88FBF8FE-1A7D-42CC-A8E3-7C636A00C4A0}.Release|x86.ActiveCfg = Release|Any CPU
		{88FBF8FE-1A7D-42CC-A8E3-7C636A00C4A0}.Release|x86.Build.0 = Release|Any CPU
		{091CC079-D420-4CA7-AD79-2C45B3C53AD9}.Debug|Any CPU.ActiveCfg = Debug|Any CPU
		{091CC079-D420-4CA7-AD79-2C45B3C53AD9}.Debug|Any CPU.Build.0 = Debug|Any CPU
		{091CC079-D420-4CA7-AD79-2C45B3C53AD9}.Debug|x64.ActiveCfg = Debug|Any CPU
		{091CC079-D420-4CA7-AD79-2C45B3C53AD9}.Debug|x64.Build.0 = Debug|Any CPU
		{091CC079-D420-4CA7-AD79-2C45B3C53AD9}.Debug|x86.ActiveCfg = Debug|Any CPU
		{091CC079-D420-4CA7-AD79-2C45B3C53AD9}.Debug|x86.Build.0 = Debug|Any CPU
		{091CC079-D420-4CA7-AD79-2C45B3C53AD9}.Release|Any CPU.ActiveCfg = Release|Any CPU
		{091CC079-D420-4CA7-AD79-2C45B3C53AD9}.Release|Any CPU.Build.0 = Release|Any CPU
		{091CC079-D420-4CA7-AD79-2C45B3C53AD9}.Release|x64.ActiveCfg = Release|Any CPU
		{091CC079-D420-4CA7-AD79-2C45B3C53AD9}.Release|x64.Build.0 = Release|Any CPU
		{091CC079-D420-4CA7-AD79-2C45B3C53AD9}.Release|x86.ActiveCfg = Release|Any CPU
		{091CC079-D420-4CA7-AD79-2C45B3C53AD9}.Release|x86.Build.0 = Release|Any CPU
		{D92B9D24-2A1F-44F3-924C-9013C1D546E4}.Debug|Any CPU.ActiveCfg = Debug|Any CPU
		{D92B9D24-2A1F-44F3-924C-9013C1D546E4}.Debug|Any CPU.Build.0 = Debug|Any CPU
		{D92B9D24-2A1F-44F3-924C-9013C1D546E4}.Debug|x64.ActiveCfg = Debug|Any CPU
		{D92B9D24-2A1F-44F3-924C-9013C1D546E4}.Debug|x64.Build.0 = Debug|Any CPU
		{D92B9D24-2A1F-44F3-924C-9013C1D546E4}.Debug|x86.ActiveCfg = Debug|Any CPU
		{D92B9D24-2A1F-44F3-924C-9013C1D546E4}.Debug|x86.Build.0 = Debug|Any CPU
		{D92B9D24-2A1F-44F3-924C-9013C1D546E4}.Release|Any CPU.ActiveCfg = Release|Any CPU
		{D92B9D24-2A1F-44F3-924C-9013C1D546E4}.Release|Any CPU.Build.0 = Release|Any CPU
		{D92B9D24-2A1F-44F3-924C-9013C1D546E4}.Release|x64.ActiveCfg = Release|Any CPU
		{D92B9D24-2A1F-44F3-924C-9013C1D546E4}.Release|x64.Build.0 = Release|Any CPU
		{D92B9D24-2A1F-44F3-924C-9013C1D546E4}.Release|x86.ActiveCfg = Release|Any CPU
		{D92B9D24-2A1F-44F3-924C-9013C1D546E4}.Release|x86.Build.0 = Release|Any CPU
	EndGlobalSection
	GlobalSection(SolutionProperties) = preSolution
		HideSolutionNode = FALSE
	EndGlobalSection
	GlobalSection(NestedProjects) = preSolution
		{E82228C1-AFF9-4DD1-982F-31E5548BFD96} = {DC679927-4DC5-4579-927C-48E485AEF1CF}
		{51DF6604-D0D5-4702-81C6-D9F5292E04F1} = {DC679927-4DC5-4579-927C-48E485AEF1CF}
		{A9D6E779-EBDC-4C65-B2CD-1144FAE1480F} = {DC679927-4DC5-4579-927C-48E485AEF1CF}
		{CB8EA7D5-D7BE-4560-A27F-608E19FFA0E0} = {DC679927-4DC5-4579-927C-48E485AEF1CF}
		{0726ECC2-1F83-41B1-98A7-D7124CB076BB} = {DC679927-4DC5-4579-927C-48E485AEF1CF}
		{88FBF8FE-1A7D-42CC-A8E3-7C636A00C4A0} = {DC679927-4DC5-4579-927C-48E485AEF1CF}
		{091CC079-D420-4CA7-AD79-2C45B3C53AD9} = {DC679927-4DC5-4579-927C-48E485AEF1CF}
		{D92B9D24-2A1F-44F3-924C-9013C1D546E4} = {DC679927-4DC5-4579-927C-48E485AEF1CF}
	EndGlobalSection
	GlobalSection(ExtensibilityGlobals) = postSolution
		SolutionGuid = {2A08B43D-6089-475B-AA6E-FE4F0A2D844F}
	EndGlobalSection
EndGlobal
